
Microsoft Visual Studio Solution File, Format Version 12.00
# Visual Studio Version 17
VisualStudioVersion = 17.6.33723.286
MinimumVisualStudioVersion = 10.0.40219.1
Project("{FAE04EC0-301F-11D3-BF4B-00C04F79EFBC}") = "WindowsFormsApp3", "WindowsFormsApp3.csproj", "{FF19EC08-CA7F-438A-96D3-6EBC2304C2A5}"
EndProject
Global
	GlobalSection(SolutionConfigurationPlatforms) = preSolution
		Debug|Any CPU = Debug|Any CPU
		Release|Any CPU = Release|Any CPU
	EndGlobalSection
	GlobalSection(ProjectConfigurationPlatforms) = postSolution
		{FF19EC08-CA7F-438A-96D3-6EBC2304C2A5}.Debug|Any CPU.ActiveCfg = Debug|Any CPU
		{FF19EC08-CA7F-438A-96D3-6EBC2304C2A5}.Debug|Any CPU.Build.0 = Debug|Any CPU
		{FF19EC08-CA7F-438A-96D3-6EBC2304C2A5}.Release|Any CPU.ActiveCfg = Release|Any CPU
		{FF19EC08-CA7F-438A-96D3-6EBC2304C2A5}.Release|Any CPU.Build.0 = Release|Any CPU
	EndGlobalSection
	GlobalSection(SolutionProperties) = preSolution
		HideSolutionNode = FALSE
	EndGlobalSection
	GlobalSection(ExtensibilityGlobals) = postSolution
		SolutionGuid = {AA6C720B-8132-42A4-9FE1-3CC26F9DFA76}
	EndGlobalSection
EndGlobal
